
Microsoft Visual Studio Solution File, Format Version 12.00
Project("{FAE04EC0-301F-11D3-BF4B-00C04F79EFBC}") = "EncryptSample", "EncryptSample\EncryptSample.csproj", "{AD4D779E-5F47-4A15-9246-36459F0B2796}"
EndProject
Global
	GlobalSection(SolutionConfigurationPlatforms) = preSolution
		Debug|Any CPU = Debug|Any CPU
		Release|Any CPU = Release|Any CPU
	EndGlobalSection
	GlobalSection(ProjectConfigurationPlatforms) = postSolution
		{AD4D779E-5F47-4A15-9246-36459F0B2796}.Debug|Any CPU.ActiveCfg = Debug|Any CPU
		{AD4D779E-5F47-4A15-9246-36459F0B2796}.Debug|Any CPU.Build.0 = Debug|Any CPU
		{AD4D779E-5F47-4A15-9246-36459F0B2796}.Release|Any CPU.ActiveCfg = Release|Any CPU
		{AD4D779E-5F47-4A15-9246-36459F0B2796}.Release|Any CPU.Build.0 = Release|Any CPU
	EndGlobalSection
EndGlobal
